// !$*UTF8*$!
{
	archiveVersion = 1;
	classes = {
	};
	objectVersion = 50;
	objects = {

/* Begin PBXBuildFile section */
		6D3A56632285501700362383 /* AppDelegate.swift in Sources */ = {isa = PBXBuildFile; fileRef = 6D3A56622285501700362383 /* AppDelegate.swift */; };
		6D3A566A2285501700362383 /* Assets.xcassets in Resources */ = {isa = PBXBuildFile; fileRef = 6D3A56692285501700362383 /* Assets.xcassets */; };
		6D3A566D2285501700362383 /* LaunchScreen.storyboard in Resources */ = {isa = PBXBuildFile; fileRef = 6D3A566B2285501700362383 /* LaunchScreen.storyboard */; };
		6D9E10BF22891B7800F6A94B /* Main.storyboard in Resources */ = {isa = PBXBuildFile; fileRef = 6D9E10C122891B7800F6A94B /* Main.storyboard */; };
		6D9E10C92289464300F6A94B /* Live.storyboard in Resources */ = {isa = PBXBuildFile; fileRef = 6D9E10C72289464300F6A94B /* Live.storyboard */; };
		6D9E10CC2289467A00F6A94B /* Home.storyboard in Resources */ = {isa = PBXBuildFile; fileRef = 6D9E10CA2289467A00F6A94B /* Home.storyboard */; };
		6D9E10CF228946F100F6A94B /* Follow.storyboard in Resources */ = {isa = PBXBuildFile; fileRef = 6D9E10CD228946F100F6A94B /* Follow.storyboard */; };
		6D9E10D22289472A00F6A94B /* Profile.storyboard in Resources */ = {isa = PBXBuildFile; fileRef = 6D9E10D02289472A00F6A94B /* Profile.storyboard */; };
		6D9E10DC22895D7900F6A94B /* MainViewController.swift in Sources */ = {isa = PBXBuildFile; fileRef = 6D9E10DB22895D7900F6A94B /* MainViewController.swift */; };
/* End PBXBuildFile section */

/* Begin PBXFileReference section */
		6D3A565F2285501700362383 /* douyuLive.app */ = {isa = PBXFileReference; explicitFileType = wrapper.application; includeInIndex = 0; path = douyuLive.app; sourceTree = BUILT_PRODUCTS_DIR; };
		6D3A56622285501700362383 /* AppDelegate.swift */ = {isa = PBXFileReference; lastKnownFileType = sourcecode.swift; path = AppDelegate.swift; sourceTree = "<group>"; };
		6D3A56692285501700362383 /* Assets.xcassets */ = {isa = PBXFileReference; lastKnownFileType = folder.assetcatalog; path = Assets.xcassets; sourceTree = "<group>"; };
		6D3A566C2285501700362383 /* Base */ = {isa = PBXFileReference; lastKnownFileType = file.storyboard; name = Base; path = Base.lproj/LaunchScreen.storyboard; sourceTree = "<group>"; };
		6D3A566E2285501700362383 /* Info.plist */ = {isa = PBXFileReference; lastKnownFileType = text.plist.xml; path = Info.plist; sourceTree = "<group>"; };
		6D9E10C022891B7800F6A94B /* Base */ = {isa = PBXFileReference; lastKnownFileType = file.storyboard; name = Base; path = Base.lproj/Main.storyboard; sourceTree = "<group>"; };
		6D9E10C82289464300F6A94B /* Base */ = {isa = PBXFileReference; lastKnownFileType = file.storyboard; name = Base; path = Base.lproj/Live.storyboard; sourceTree = "<group>"; };
		6D9E10CB2289467A00F6A94B /* Base */ = {isa = PBXFileReference; lastKnownFileType = file.storyboard; name = Base; path = Base.lproj/Home.storyboard; sourceTree = "<group>"; };
		6D9E10CE228946F100F6A94B /* Base */ = {isa = PBXFileReference; lastKnownFileType = file.storyboard; name = Base; path = Base.lproj/Follow.storyboard; sourceTree = "<group>"; };
		6D9E10D12289472A00F6A94B /* Base */ = {isa = PBXFileReference; lastKnownFileType = file.storyboard; name = Base; path = Base.lproj/Profile.storyboard; sourceTree = "<group>"; };
		6D9E10DB22895D7900F6A94B /* MainViewController.swift */ = {isa = PBXFileReference; fileEncoding = 4; lastKnownFileType = sourcecode.swift; name = MainViewController.swift; path = douyuLive/Classes/Main/MainViewController.swift; sourceTree = SOURCE_ROOT; };
/* End PBXFileReference section */

/* Begin PBXFrameworksBuildPhase section */
		6D3A565C2285501700362383 /* Frameworks */ = {
			isa = PBXFrameworksBuildPhase;
			buildActionMask = 2147483647;
			files = (
			);
			runOnlyForDeploymentPostprocessing = 0;
		};
/* End PBXFrameworksBuildPhase section */

/* Begin PBXGroup section */
		6D3A56562285501700362383 = {
			isa = PBXGroup;
			children = (
				6D3A56612285501700362383 /* douyuLive */,
				6D3A56602285501700362383 /* Products */,
			);
			sourceTree = "<group>";
		};
		6D3A56602285501700362383 /* Products */ = {
			isa = PBXGroup;
			children = (
				6D3A565F2285501700362383 /* douyuLive.app */,
			);
			name = Products;
			sourceTree = "<group>";
		};
		6D3A56612285501700362383 /* douyuLive */ = {
			isa = PBXGroup;
			children = (
				6DC0027B2285854C0077BF0E /* Classes */,
				6D3A56622285501700362383 /* AppDelegate.swift */,
				6D3A56692285501700362383 /* Assets.xcassets */,
				6D3A566B2285501700362383 /* LaunchScreen.storyboard */,
				6D3A566E2285501700362383 /* Info.plist */,
			);
			path = douyuLive;
			sourceTree = "<group>";
		};
		6D9E10D522895CBD00F6A94B /* Controller */ = {
			isa = PBXGroup;
			children = (
			);
			path = Controller;
			sourceTree = "<group>";
		};
		6D9E10D622895CBD00F6A94B /* Model */ = {
			isa = PBXGroup;
			children = (
			);
			path = Model;
			sourceTree = "<group>";
		};
		6D9E10D722895CBD00F6A94B /* View */ = {
			isa = PBXGroup;
			children = (
			);
			path = View;
			sourceTree = "<group>";
		};
		6D9E10D822895D0000F6A94B /* View */ = {
			isa = PBXGroup;
			children = (
			);
			name = View;
			path = douyuLive/Classes/Home/View;
			sourceTree = SOURCE_ROOT;
		};
		6D9E10D922895D0000F6A94B /* Controller */ = {
			isa = PBXGroup;
			children = (
				6D9E10DB22895D7900F6A94B /* MainViewController.swift */,
			);
			name = Controller;
			path = douyuLive/Classes/Home/Controller;
			sourceTree = SOURCE_ROOT;
		};
		6D9E10DA22895D0000F6A94B /* Model */ = {
			isa = PBXGroup;
			children = (
			);
			name = Model;
			path = douyuLive/Classes/Home/Model;
			sourceTree = SOURCE_ROOT;
		};
		6DC0027B2285854C0077BF0E /* Classes */ = {
			isa = PBXGroup;
			children = (
				6DC002812285854C0077BF0E /* Main */,
				6DC0027C2285854C0077BF0E /* Home */,
				6DC002802285854C0077BF0E /* Live */,
				6DC0027E2285854C0077BF0E /* Follow */,
				6DC0027F2285854C0077BF0E /* Profile */,
				6DC0027D2285854C0077BF0E /* Tools */,
			);
			path = Classes;
			sourceTree = "<group>";
		};
		6DC0027C2285854C0077BF0E /* Home */ = {
			isa = PBXGroup;
			children = (
				6D9E10D522895CBD00F6A94B /* Controller */,
				6D9E10D622895CBD00F6A94B /* Model */,
				6D9E10D722895CBD00F6A94B /* View */,
				6D9E10CA2289467A00F6A94B /* Home.storyboard */,
			);
			path = Home;
			sourceTree = "<group>";
		};
		6DC0027D2285854C0077BF0E /* Tools */ = {
			isa = PBXGroup;
			children = (
			);
			path = Tools;
			sourceTree = "<group>";
		};
		6DC0027E2285854C0077BF0E /* Follow */ = {
			isa = PBXGroup;
			children = (
				6D9E10CD228946F100F6A94B /* Follow.storyboard */,
			);
			path = Follow;
			sourceTree = "<group>";
		};
		6DC0027F2285854C0077BF0E /* Profile */ = {
			isa = PBXGroup;
			children = (
				6D9E10D02289472A00F6A94B /* Profile.storyboard */,
			);
			path = Profile;
			sourceTree = "<group>";
		};
		6DC002802285854C0077BF0E /* Live */ = {
			isa = PBXGroup;
			children = (
				6D9E10C72289464300F6A94B /* Live.storyboard */,
			);
			path = Live;
			sourceTree = "<group>";
		};
		6DC002812285854C0077BF0E /* Main */ = {
			isa = PBXGroup;
			children = (
				6D9E10C122891B7800F6A94B /* Main.storyboard */,
				6D9E10D922895D0000F6A94B /* Controller */,
				6D9E10DA22895D0000F6A94B /* Model */,
				6D9E10D822895D0000F6A94B /* View */,
			);
			path = Main;
			sourceTree = "<group>";
		};
/* End PBXGroup section */

/* Begin PBXNativeTarget section */
		6D3A565E2285501700362383 /* douyuLive */ = {
			isa = PBXNativeTarget;
			buildConfigurationList = 6D3A56712285501700362383 /* Build configuration list for PBXNativeTarget "douyuLive" */;
			buildPhases = (
				6D3A565B2285501700362383 /* Sources */,
				6D3A565C2285501700362383 /* Frameworks */,
				6D3A565D2285501700362383 /* Resources */,
			);
			buildRules = (
			);
			dependencies = (
			);
			name = douyuLive;
			productName = douyuLive;
			productReference = 6D3A565F2285501700362383 /* douyuLive.app */;
			productType = "com.apple.product-type.application";
		};
/* End PBXNativeTarget section */

/* Begin PBXProject section */
		6D3A56572285501700362383 /* Project object */ = {
			isa = PBXProject;
			attributes = {
				LastSwiftUpdateCheck = 1020;
				LastUpgradeCheck = 1020;
				ORGANIZATIONNAME = FDC;
				TargetAttributes = {
					6D3A565E2285501700362383 = {
						CreatedOnToolsVersion = 10.2;
					};
				};
			};
			buildConfigurationList = 6D3A565A2285501700362383 /* Build configuration list for PBXProject "douyuLive" */;
			compatibilityVersion = "Xcode 9.3";
			developmentRegion = en;
			hasScannedForEncodings = 0;
			knownRegions = (
				en,
				Base,
			);
			mainGroup = 6D3A56562285501700362383;
			productRefGroup = 6D3A56602285501700362383 /* Products */;
			projectDirPath = "";
			projectRoot = "";
			targets = (
				6D3A565E2285501700362383 /* douyuLive */,
			);
		};
/* End PBXProject section */

/* Begin PBXResourcesBuildPhase section */
		6D3A565D2285501700362383 /* Resources */ = {
			isa = PBXResourcesBuildPhase;
			buildActionMask = 2147483647;
			files = (
				6D9E10CC2289467A00F6A94B /* Home.storyboard in Resources */,
				6D9E10BF22891B7800F6A94B /* Main.storyboard in Resources */,
				6D9E10CF228946F100F6A94B /* Follow.storyboard in Resources */,
				6D9E10C92289464300F6A94B /* Live.storyboard in Resources */,
				6D3A566D2285501700362383 /* LaunchScreen.storyboard in Resources */,
				6D9E10D22289472A00F6A94B /* Profile.storyboard in Resources */,
				6D3A566A2285501700362383 /* Assets.xcassets in Resources */,
			);
			runOnlyForDeploymentPostprocessing = 0;
		};
/* End PBXResourcesBuildPhase section */

/* Begin PBXSourcesBuildPhase section */
		6D3A565B2285501700362383 /* Sources */ = {
			isa = PBXSourcesBuildPhase;
			buildActionMask = 2147483647;
			files = (
				6D9E10DC22895D7900F6A94B /* MainViewController.swift in Sources */,
				6D3A56632285501700362383 /* AppDelegate.swift in Sources */,
			);
			runOnlyForDeploymentPostprocessing = 0;
		};
/* End PBXSourcesBuildPhase section */

/* Begin PBXVariantGroup section */
		6D3A566B2285501700362383 /* LaunchScreen.storyboard */ = {
			isa = PBXVariantGroup;
			children = (
				6D3A566C2285501700362383 /* Base */,
			);
			name = LaunchScreen.storyboard;
			sourceTree = "<group>";
		};
		6D9E10C122891B7800F6A94B /* Main.storyboard */ = {
			isa = PBXVariantGroup;
			children = (
				6D9E10C022891B7800F6A94B /* Base */,
			);
			name = Main.storyboard;
			sourceTree = "<group>";
		};
		6D9E10C72289464300F6A94B /* Live.storyboard */ = {
			isa = PBXVariantGroup;
			children = (
				6D9E10C82289464300F6A94B /* Base */,
			);
			name = Live.storyboard;
			sourceTree = "<group>";
		};
		6D9E10CA2289467A00F6A94B /* Home.storyboard */ = {
			isa = PBXVariantGroup;
			children = (
				6D9E10CB2289467A00F6A94B /* Base */,
			);
			name = Home.storyboard;
			sourceTree = "<group>";
		};
		6D9E10CD228946F100F6A94B /* Follow.storyboard */ = {
			isa = PBXVariantGroup;
			children = (
				6D9E10CE228946F100F6A94B /* Base */,
			);
			name = Follow.storyboard;
			sourceTree = "<group>";
		};
		6D9E10D02289472A00F6A94B /* Profile.storyboard */ = {
			isa = PBXVariantGroup;
			children = (
				6D9E10D12289472A00F6A94B /* Base */,
			);
			name = Profile.storyboard;
			sourceTree = "<group>";
		};
/* End PBXVariantGroup section */

/* Begin XCBuildConfiguration section */
		6D3A566F2285501700362383 /* Debug */ = {
			isa = XCBuildConfiguration;
			buildSettings = {
				ALWAYS_SEARCH_USER_PATHS = NO;
				CLANG_ANALYZER_NONNULL = YES;
				CLANG_ANALYZER_NUMBER_OBJECT_CONVERSION = YES_AGGRESSIVE;
				CLANG_CXX_LANGUAGE_STANDARD = "gnu++14";
				CLANG_CXX_LIBRARY = "libc++";
				CLANG_ENABLE_MODULES = YES;
				CLANG_ENABLE_OBJC_ARC = YES;
				CLANG_ENABLE_OBJC_WEAK = YES;
				CLANG_WARN_BLOCK_CAPTURE_AUTORELEASING = YES;
				CLANG_WARN_BOOL_CONVERSION = YES;
				CLANG_WARN_COMMA = YES;
				CLANG_WARN_CONSTANT_CONVERSION = YES;
				CLANG_WARN_DEPRECATED_OBJC_IMPLEMENTATIONS = YES;
				CLANG_WARN_DIRECT_OBJC_ISA_USAGE = YES_ERROR;
				CLANG_WARN_DOCUMENTATION_COMMENTS = YES;
				CLANG_WARN_EMPTY_BODY = YES;
				CLANG_WARN_ENUM_CONVERSION = YES;
				CLANG_WARN_INFINITE_RECURSION = YES;
				CLANG_WARN_INT_CONVERSION = YES;
				CLANG_WARN_NON_LITERAL_NULL_CONVERSION = YES;
				CLANG_WARN_OBJC_IMPLICIT_RETAIN_SELF = YES;
				CLANG_WARN_OBJC_LITERAL_CONVERSION = YES;
				CLANG_WARN_OBJC_ROOT_CLASS = YES_ERROR;
				CLANG_WARN_RANGE_LOOP_ANALYSIS = YES;
				CLANG_WARN_STRICT_PROTOTYPES = YES;
				CLANG_WARN_SUSPICIOUS_MOVE = YES;
				CLANG_WARN_UNGUARDED_AVAILABILITY = YES_AGGRESSIVE;
				CLANG_WARN_UNREACHABLE_CODE = YES;
				CLANG_WARN__DUPLICATE_METHOD_MATCH = YES;
				CODE_SIGN_IDENTITY = "iPhone Developer";
				COPY_PHASE_STRIP = NO;
				DEBUG_INFORMATION_FORMAT = dwarf;
				ENABLE_STRICT_OBJC_MSGSEND = YES;
				ENABLE_TESTABILITY = YES;
				GCC_C_LANGUAGE_STANDARD = gnu11;
				GCC_DYNAMIC_NO_PIC = NO;
				GCC_NO_COMMON_BLOCKS = YES;
				GCC_OPTIMIZATION_LEVEL = 0;
				GCC_PREPROCESSOR_DEFINITIONS = (
					"DEBUG=1",
					"$(inherited)",
				);
				GCC_WARN_64_TO_32_BIT_CONVERSION = YES;
				GCC_WARN_ABOUT_RETURN_TYPE = YES_ERROR;
				GCC_WARN_UNDECLARED_SELECTOR = YES;
				GCC_WARN_UNINITIALIZED_AUTOS = YES_AGGRESSIVE;
				GCC_WARN_UNUSED_FUNCTION = YES;
				GCC_WARN_UNUSED_VARIABLE = YES;
				IPHONEOS_DEPLOYMENT_TARGET = 12.2;
				MTL_ENABLE_DEBUG_INFO = INCLUDE_SOURCE;
				MTL_FAST_MATH = YES;
				ONLY_ACTIVE_ARCH = YES;
				SDKROOT = iphoneos;
				SWIFT_ACTIVE_COMPILATION_CONDITIONS = DEBUG;
				SWIFT_OPTIMIZATION_LEVEL = "-Onone";
			};
			name = Debug;
		};
		6D3A56702285501700362383 /* Release */ = {
			isa = XCBuildConfiguration;
			buildSettings = {
				ALWAYS_SEARCH_USER_PATHS = NO;
				CLANG_ANALYZER_NONNULL = YES;
				CLANG_ANALYZER_NUMBER_OBJECT_CONVERSION = YES_AGGRESSIVE;
				CLANG_CXX_LANGUAGE_STANDARD = "gnu++14";
				CLANG_CXX_LIBRARY = "libc++";
				CLANG_ENABLE_MODULES = YES;
				CLANG_ENABLE_OBJC_ARC = YES;
				CLANG_ENABLE_OBJC_WEAK = YES;
				CLANG_WARN_BLOCK_CAPTURE_AUTORELEASING = YES;
				CLANG_WARN_BOOL_CONVERSION = YES;
				CLANG_WARN_COMMA = YES;
				CLANG_WARN_CONSTANT_CONVERSION = YES;
				CLANG_WARN_DEPRECATED_OBJC_IMPLEMENTATIONS = YES;
				CLANG_WARN_DIRECT_OBJC_ISA_USAGE = YES_ERROR;
				CLANG_WARN_DOCUMENTATION_COMMENTS = YES;
				CLANG_WARN_EMPTY_BODY = YES;
				CLANG_WARN_ENUM_CONVERSION = YES;
				CLANG_WARN_INFINITE_RECURSION = YES;
				CLANG_WARN_INT_CONVERSION = YES;
				CLANG_WARN_NON_LITERAL_NULL_CONVERSION = YES;
				CLANG_WARN_OBJC_IMPLICIT_RETAIN_SELF = YES;
				CLANG_WARN_OBJC_LITERAL_CONVERSION = YES;
				CLANG_WARN_OBJC_ROOT_CLASS = YES_ERROR;
				CLANG_WARN_RANGE_LOOP_ANALYSIS = YES;
				CLANG_WARN_STRICT_PROTOTYPES = YES;
				CLANG_WARN_SUSPICIOUS_MOVE = YES;
				CLANG_WARN_UNGUARDED_AVAILABILITY = YES_AGGRESSIVE;
				CLANG_WARN_UNREACHABLE_CODE = YES;
				CLANG_WARN__DUPLICATE_METHOD_MATCH = YES;
				CODE_SIGN_IDENTITY = "iPhone Developer";
				COPY_PHASE_STRIP = NO;
				DEBUG_INFORMATION_FORMAT = "dwarf-with-dsym";
				ENABLE_NS_ASSERTIONS = NO;
				ENABLE_STRICT_OBJC_MSGSEND = YES;
				GCC_C_LANGUAGE_STANDARD = gnu11;
				GCC_NO_COMMON_BLOCKS = YES;
				GCC_WARN_64_TO_32_BIT_CONVERSION = YES;
				GCC_WARN_ABOUT_RETURN_TYPE = YES_ERROR;
				GCC_WARN_UNDECLARED_SELECTOR = YES;
				GCC_WARN_UNINITIALIZED_AUTOS = YES_AGGRESSIVE;
				GCC_WARN_UNUSED_FUNCTION = YES;
				GCC_WARN_UNUSED_VARIABLE = YES;
				IPHONEOS_DEPLOYMENT_TARGET = 12.2;
				MTL_ENABLE_DEBUG_INFO = NO;
				MTL_FAST_MATH = YES;
				SDKROOT = iphoneos;
				SWIFT_COMPILATION_MODE = wholemodule;
				SWIFT_OPTIMIZATION_LEVEL = "-O";
				VALIDATE_PRODUCT = YES;
			};
			name = Release;
		};
		6D3A56722285501700362383 /* Debug */ = {
			isa = XCBuildConfiguration;
			buildSettings = {
				ASSETCATALOG_COMPILER_APPICON_NAME = AppIcon;
				ASSETCATALOG_COMPILER_LAUNCHIMAGE_NAME = LaunchImage;
				CODE_SIGN_STYLE = Automatic;
				DEVELOPMENT_TEAM = YYQZSGG98D;
				INFOPLIST_FILE = douyuLive/Info.plist;
				IPHONEOS_DEPLOYMENT_TARGET = 9.0;
				LD_RUNPATH_SEARCH_PATHS = (
					"$(inherited)",
					"@executable_path/Frameworks",
				);
				PRODUCT_BUNDLE_IDENTIFIER = if.douyuLive;
				PRODUCT_NAME = "$(TARGET_NAME)";
				SWIFT_VERSION = 5.0;
				TARGETED_DEVICE_FAMILY = 1;
			};
			name = Debug;
		};
		6D3A56732285501700362383 /* Release */ = {
			isa = XCBuildConfiguration;
			buildSettings = {
				ASSETCATALOG_COMPILER_APPICON_NAME = AppIcon;
				ASSETCATALOG_COMPILER_LAUNCHIMAGE_NAME = LaunchImage;
				CODE_SIGN_STYLE = Automatic;
				DEVELOPMENT_TEAM = YYQZSGG98D;
				INFOPLIST_FILE = douyuLive/Info.plist;
				IPHONEOS_DEPLOYMENT_TARGET = 9.0;
				LD_RUNPATH_SEARCH_PATHS = (
					"$(inherited)",
					"@executable_path/Frameworks",
				);
				PRODUCT_BUNDLE_IDENTIFIER = if.douyuLive;
				PRODUCT_NAME = "$(TARGET_NAME)";
				SWIFT_VERSION = 5.0;
				TARGETED_DEVICE_FAMILY = 1;
			};
			name = Release;
		};
/* End XCBuildConfiguration section */

/* Begin XCConfigurationList section */
		6D3A565A2285501700362383 /* Build configuration list for PBXProject "douyuLive" */ = {
			isa = XCConfigurationList;
			buildConfigurations = (
				6D3A566F2285501700362383 /* Debug */,
				6D3A56702285501700362383 /* Release */,
			);
			defaultConfigurationIsVisible = 0;
			defaultConfigurationName = Release;
		};
		6D3A56712285501700362383 /* Build configuration list for PBXNativeTarget "douyuLive" */ = {
			isa = XCConfigurationList;
			buildConfigurations = (
				6D3A56722285501700362383 /* Debug */,
				6D3A56732285501700362383 /* Release */,
			);
			defaultConfigurationIsVisible = 0;
			defaultConfigurationName = Release;
		};
/* End XCConfigurationList section */
	};
	rootObject = 6D3A56572285501700362383 /* Project object */;
}
